
Microsoft Visual Studio Solution File, Format Version 12.00
# Visual Studio Version 17
VisualStudioVersion = 17.12.35527.113 d17.12
MinimumVisualStudioVersion = 10.0.40219.1
Project("{FAE04EC0-301F-11D3-BF4B-00C04F79EFBC}") = "Weather.Api", "..\Weather.Api\Weather.Api.csproj", "{63B5D081-CAF6-49DB-B5F4-AEEC93FF53A0}"
EndProject
Project("{FAE04EC0-301F-11D3-BF4B-00C04F79EFBC}") = "Weather.Api.UnitTests", "..\Weather.Api.UnitTests\Weather.Api.UnitTests.csproj", "{8AE340FB-594F-4F2F-AFB4-4FF8BA60C8E5}"
EndProject
Global
	GlobalSection(SolutionConfigurationPlatforms) = preSolution
		Debug|Any CPU = Debug|Any CPU
		Release|Any CPU = Release|Any CPU
	EndGlobalSection
	GlobalSection(ProjectConfigurationPlatforms) = postSolution
		{63B5D081-CAF6-49DB-B5F4-AEEC93FF53A0}.Debug|Any CPU.ActiveCfg = Debug|Any CPU
		{63B5D081-CAF6-49DB-B5F4-AEEC93FF53A0}.Debug|Any CPU.Build.0 = Debug|Any CPU
		{63B5D081-CAF6-49DB-B5F4-AEEC93FF53A0}.Release|Any CPU.ActiveCfg = Release|Any CPU
		{63B5D081-CAF6-49DB-B5F4-AEEC93FF53A0}.Release|Any CPU.Build.0 = Release|Any CPU
		{8AE340FB-594F-4F2F-AFB4-4FF8BA60C8E5}.Debug|Any CPU.ActiveCfg = Debug|Any CPU
		{8AE340FB-594F-4F2F-AFB4-4FF8BA60C8E5}.Debug|Any CPU.Build.0 = Debug|Any CPU
		{8AE340FB-594F-4F2F-AFB4-4FF8BA60C8E5}.Release|Any CPU.ActiveCfg = Release|Any CPU
		{8AE340FB-594F-4F2F-AFB4-4FF8BA60C8E5}.Release|Any CPU.Build.0 = Release|Any CPU
	EndGlobalSection
	GlobalSection(SolutionProperties) = preSolution
		HideSolutionNode = FALSE
	EndGlobalSection
EndGlobal
